
Microsoft Visual Studio Solution File, Format Version 12.00
# Visual Studio Version 16
VisualStudioVersion = 16.0.32106.194
MinimumVisualStudioVersion = 10.0.40219.1
Project("{FAE04EC0-301F-11D3-BF4B-00C04F79EFBC}") = "Practical-21(Singleton)", "Practical-21(Singleton)\Practical-21(Singleton).csproj", "{AC87FAA5-8D1D-4A85-98F5-7445B3D4211C}"
EndProject
Global
	GlobalSection(SolutionConfigurationPlatforms) = preSolution
		Debug|Any CPU = Debug|Any CPU
		Release|Any CPU = Release|Any CPU
	EndGlobalSection
	GlobalSection(ProjectConfigurationPlatforms) = postSolution
		{AC87FAA5-8D1D-4A85-98F5-7445B3D4211C}.Debug|Any CPU.ActiveCfg = Debug|Any CPU
		{AC87FAA5-8D1D-4A85-98F5-7445B3D4211C}.Debug|Any CPU.Build.0 = Debug|Any CPU
		{AC87FAA5-8D1D-4A85-98F5-7445B3D4211C}.Release|Any CPU.ActiveCfg = Release|Any CPU
		{AC87FAA5-8D1D-4A85-98F5-7445B3D4211C}.Release|Any CPU.Build.0 = Release|Any CPU
	EndGlobalSection
	GlobalSection(SolutionProperties) = preSolution
		HideSolutionNode = FALSE
	EndGlobalSection
	GlobalSection(ExtensibilityGlobals) = postSolution
		SolutionGuid = {4DA85923-14B8-472E-9893-C9D055993C30}
	EndGlobalSection
EndGlobal
