
Microsoft Visual Studio Solution File, Format Version 12.00
# Visual Studio Version 16
VisualStudioVersion = 16.0.32106.194
MinimumVisualStudioVersion = 10.0.40219.1
Project("{FAE04EC0-301F-11D3-BF4B-00C04F79EFBC}") = "Demo", "Demo\Demo.csproj", "{D770C3B5-7D23-4CD4-B03B-4E55B8DE9EA0}"
EndProject
Project("{FAE04EC0-301F-11D3-BF4B-00C04F79EFBC}") = "DAL", "DAL\DAL.csproj", "{F91520D4-5E07-47B8-AF90-05A45FFF65E5}"
EndProject
Project("{FAE04EC0-301F-11D3-BF4B-00C04F79EFBC}") = "BAL", "BAL\BAL.csproj", "{83FF80C1-0172-4769-BCF6-BDC195A4AE96}"
EndProject
Global
	GlobalSection(SolutionConfigurationPlatforms) = preSolution
		Debug|Any CPU = Debug|Any CPU
		Release|Any CPU = Release|Any CPU
	EndGlobalSection
	GlobalSection(ProjectConfigurationPlatforms) = postSolution
		{D770C3B5-7D23-4CD4-B03B-4E55B8DE9EA0}.Debug|Any CPU.ActiveCfg = Debug|Any CPU
		{D770C3B5-7D23-4CD4-B03B-4E55B8DE9EA0}.Debug|Any CPU.Build.0 = Debug|Any CPU
		{D770C3B5-7D23-4CD4-B03B-4E55B8DE9EA0}.Release|Any CPU.ActiveCfg = Release|Any CPU
		{D770C3B5-7D23-4CD4-B03B-4E55B8DE9EA0}.Release|Any CPU.Build.0 = Release|Any CPU
		{F91520D4-5E07-47B8-AF90-05A45FFF65E5}.Debug|Any CPU.ActiveCfg = Debug|Any CPU
		{F91520D4-5E07-47B8-AF90-05A45FFF65E5}.Debug|Any CPU.Build.0 = Debug|Any CPU
		{F91520D4-5E07-47B8-AF90-05A45FFF65E5}.Release|Any CPU.ActiveCfg = Release|Any CPU
		{F91520D4-5E07-47B8-AF90-05A45FFF65E5}.Release|Any CPU.Build.0 = Release|Any CPU
		{83FF80C1-0172-4769-BCF6-BDC195A4AE96}.Debug|Any CPU.ActiveCfg = Debug|Any CPU
		{83FF80C1-0172-4769-BCF6-BDC195A4AE96}.Debug|Any CPU.Build.0 = Debug|Any CPU
		{83FF80C1-0172-4769-BCF6-BDC195A4AE96}.Release|Any CPU.ActiveCfg = Release|Any CPU
		{83FF80C1-0172-4769-BCF6-BDC195A4AE96}.Release|Any CPU.Build.0 = Release|Any CPU
	EndGlobalSection
	GlobalSection(SolutionProperties) = preSolution
		HideSolutionNode = FALSE
	EndGlobalSection
	GlobalSection(ExtensibilityGlobals) = postSolution
		SolutionGuid = {B95DEF57-1CF4-4601-A9AE-195A9AC93821}
	EndGlobalSection
EndGlobal
